// !$*UTF8*$!
{
	archiveVersion = 1;
	classes = {
	};
	objectVersion = 50;
	objects = {

/* Begin PBXBuildFile section */
		65423FA420AFE85200B7120F /* QDDownloadManager.m in Sources */ = {isa = PBXBuildFile; fileRef = 65423FA320AFE85200B7120F /* QDDownloadManager.m */; };
		65423FA820AFE8A700B7120F /* QDDownloadTask.m in Sources */ = {isa = PBXBuildFile; fileRef = 65423FA720AFE8A700B7120F /* QDDownloadTask.m */; };
		65423FAB20AFE8BA00B7120F /* QDDownloadConfig.m in Sources */ = {isa = PBXBuildFile; fileRef = 65423FAA20AFE8BA00B7120F /* QDDownloadConfig.m */; };
		65423FAE20AFE8D200B7120F /* QDFileUtil.m in Sources */ = {isa = PBXBuildFile; fileRef = 65423FAD20AFE8D200B7120F /* QDFileUtil.m */; };
		65423FB120AFF48F00B7120F /* QDGCDUtils.m in Sources */ = {isa = PBXBuildFile; fileRef = 65423FB020AFF48F00B7120F /* QDGCDUtils.m */; };
/* End PBXBuildFile section */

/* Begin PBXFileReference section */
		65423F8820AFE81600B7120F /* QDDownloader.app */ = {isa = PBXFileReference; explicitFileType = wrapper.application; includeInIndex = 0; path = QDDownloader.app; sourceTree = BUILT_PRODUCTS_DIR; };
		65423FA220AFE85200B7120F /* QDDownloadManager.h */ = {isa = PBXFileReference; lastKnownFileType = sourcecode.c.h; path = QDDownloadManager.h; sourceTree = "<group>"; };
		65423FA320AFE85200B7120F /* QDDownloadManager.m */ = {isa = PBXFileReference; lastKnownFileType = sourcecode.c.objc; path = QDDownloadManager.m; sourceTree = "<group>"; };
		65423FA620AFE8A700B7120F /* QDDownloadTask.h */ = {isa = PBXFileReference; lastKnownFileType = sourcecode.c.h; path = QDDownloadTask.h; sourceTree = "<group>"; };
		65423FA720AFE8A700B7120F /* QDDownloadTask.m */ = {isa = PBXFileReference; lastKnownFileType = sourcecode.c.objc; path = QDDownloadTask.m; sourceTree = "<group>"; };
		65423FA920AFE8BA00B7120F /* QDDownloadConfig.h */ = {isa = PBXFileReference; lastKnownFileType = sourcecode.c.h; path = QDDownloadConfig.h; sourceTree = "<group>"; };
		65423FAA20AFE8BA00B7120F /* QDDownloadConfig.m */ = {isa = PBXFileReference; lastKnownFileType = sourcecode.c.objc; path = QDDownloadConfig.m; sourceTree = "<group>"; };
		65423FAC20AFE8D200B7120F /* QDFileUtil.h */ = {isa = PBXFileReference; lastKnownFileType = sourcecode.c.h; path = QDFileUtil.h; sourceTree = "<group>"; };
		65423FAD20AFE8D200B7120F /* QDFileUtil.m */ = {isa = PBXFileReference; lastKnownFileType = sourcecode.c.objc; path = QDFileUtil.m; sourceTree = "<group>"; };
		65423FAF20AFF48F00B7120F /* QDGCDUtils.h */ = {isa = PBXFileReference; lastKnownFileType = sourcecode.c.h; path = QDGCDUtils.h; sourceTree = "<group>"; };
		65423FB020AFF48F00B7120F /* QDGCDUtils.m */ = {isa = PBXFileReference; lastKnownFileType = sourcecode.c.objc; path = QDGCDUtils.m; sourceTree = "<group>"; };
/* End PBXFileReference section */

/* Begin PBXFrameworksBuildPhase section */
		65423F8520AFE81600B7120F /* Frameworks */ = {
			isa = PBXFrameworksBuildPhase;
			buildActionMask = 2147483647;
			files = (
			);
			runOnlyForDeploymentPostprocessing = 0;
		};
/* End PBXFrameworksBuildPhase section */

/* Begin PBXGroup section */
		65423F7F20AFE81600B7120F = {
			isa = PBXGroup;
			children = (
				65423F8A20AFE81600B7120F /* QDDownloader */,
				65423F8920AFE81600B7120F /* Products */,
			);
			sourceTree = "<group>";
		};
		65423F8920AFE81600B7120F /* Products */ = {
			isa = PBXGroup;
			children = (
				65423F8820AFE81600B7120F /* QDDownloader.app */,
			);
			name = Products;
			sourceTree = "<group>";
		};
		65423F8A20AFE81600B7120F /* QDDownloader */ = {
			isa = PBXGroup;
			children = (
				65423FA520AFE88A00B7120F /* Core */,
				65423FA220AFE85200B7120F /* QDDownloadManager.h */,
				65423FA320AFE85200B7120F /* QDDownloadManager.m */,
			);
			path = QDDownloader;
			sourceTree = "<group>";
		};
		65423FA520AFE88A00B7120F /* Core */ = {
			isa = PBXGroup;
			children = (
				65423FAC20AFE8D200B7120F /* QDFileUtil.h */,
				65423FAD20AFE8D200B7120F /* QDFileUtil.m */,
				65423FAF20AFF48F00B7120F /* QDGCDUtils.h */,
				65423FB020AFF48F00B7120F /* QDGCDUtils.m */,
				65423FA620AFE8A700B7120F /* QDDownloadTask.h */,
				65423FA720AFE8A700B7120F /* QDDownloadTask.m */,
				65423FA920AFE8BA00B7120F /* QDDownloadConfig.h */,
				65423FAA20AFE8BA00B7120F /* QDDownloadConfig.m */,
			);
			path = Core;
			sourceTree = "<group>";
		};
/* End PBXGroup section */

/* Begin PBXNativeTarget section */
		65423F8720AFE81600B7120F /* QDDownloader */ = {
			isa = PBXNativeTarget;
			buildConfigurationList = 65423F9E20AFE81800B7120F /* Build configuration list for PBXNativeTarget "QDDownloader" */;
			buildPhases = (
				65423F8420AFE81600B7120F /* Sources */,
				65423F8520AFE81600B7120F /* Frameworks */,
				65423F8620AFE81600B7120F /* Resources */,
			);
			buildRules = (
			);
			dependencies = (
			);
			name = QDDownloader;
			productName = QDDownloader;
			productReference = 65423F8820AFE81600B7120F /* QDDownloader.app */;
			productType = "com.apple.product-type.application";
		};
/* End PBXNativeTarget section */

/* Begin PBXProject section */
		65423F8020AFE81600B7120F /* Project object */ = {
			isa = PBXProject;
			attributes = {
				LastUpgradeCheck = 0930;
				ORGANIZATIONNAME = Daniel;
				TargetAttributes = {
					65423F8720AFE81600B7120F = {
						CreatedOnToolsVersion = 9.3.1;
					};
				};
			};
			buildConfigurationList = 65423F8320AFE81600B7120F /* Build configuration list for PBXProject "QDDownloader" */;
			compatibilityVersion = "Xcode 9.3";
			developmentRegion = en;
			hasScannedForEncodings = 0;
			knownRegions = (
				en,
				Base,
			);
			mainGroup = 65423F7F20AFE81600B7120F;
			productRefGroup = 65423F8920AFE81600B7120F /* Products */;
			projectDirPath = "";
			projectRoot = "";
			targets = (
				65423F8720AFE81600B7120F /* QDDownloader */,
			);
		};
/* End PBXProject section */

/* Begin PBXResourcesBuildPhase section */
		65423F8620AFE81600B7120F /* Resources */ = {
			isa = PBXResourcesBuildPhase;
			buildActionMask = 2147483647;
			files = (
			);
			runOnlyForDeploymentPostprocessing = 0;
		};
/* End PBXResourcesBuildPhase section */

/* Begin PBXSourcesBuildPhase section */
		65423F8420AFE81600B7120F /* Sources */ = {
			isa = PBXSourcesBuildPhase;
			buildActionMask = 2147483647;
			files = (
				65423FA420AFE85200B7120F /* QDDownloadManager.m in Sources */,
				65423FA820AFE8A700B7120F /* QDDownloadTask.m in Sources */,
				65423FAE20AFE8D200B7120F /* QDFileUtil.m in Sources */,
				65423FB120AFF48F00B7120F /* QDGCDUtils.m in Sources */,
				65423FAB20AFE8BA00B7120F /* QDDownloadConfig.m in Sources */,
			);
			runOnlyForDeploymentPostprocessing = 0;
		};
/* End PBXSourcesBuildPhase section */

/* Begin XCBuildConfiguration section */
		65423F9C20AFE81800B7120F /* Debug */ = {
			isa = XCBuildConfiguration;
			buildSettings = {
				ALWAYS_SEARCH_USER_PATHS = NO;
				CLANG_ANALYZER_NONNULL = YES;
				CLANG_ANALYZER_NUMBER_OBJECT_CONVERSION = YES_AGGRESSIVE;
				CLANG_CXX_LANGUAGE_STANDARD = "gnu++14";
				CLANG_CXX_LIBRARY = "libc++";
				CLANG_ENABLE_MODULES = YES;
				CLANG_ENABLE_OBJC_ARC = YES;
				CLANG_ENABLE_OBJC_WEAK = YES;
				CLANG_WARN_BLOCK_CAPTURE_AUTORELEASING = YES;
				CLANG_WARN_BOOL_CONVERSION = YES;
				CLANG_WARN_COMMA = YES;
				CLANG_WARN_CONSTANT_CONVERSION = YES;
				CLANG_WARN_DEPRECATED_OBJC_IMPLEMENTATIONS = YES;
				CLANG_WARN_DIRECT_OBJC_ISA_USAGE = YES_ERROR;
				CLANG_WARN_DOCUMENTATION_COMMENTS = YES;
				CLANG_WARN_EMPTY_BODY = YES;
				CLANG_WARN_ENUM_CONVERSION = YES;
				CLANG_WARN_INFINITE_RECURSION = YES;
				CLANG_WARN_INT_CONVERSION = YES;
				CLANG_WARN_NON_LITERAL_NULL_CONVERSION = YES;
				CLANG_WARN_OBJC_IMPLICIT_RETAIN_SELF = YES;
				CLANG_WARN_OBJC_LITERAL_CONVERSION = YES;
				CLANG_WARN_OBJC_ROOT_CLASS = YES_ERROR;
				CLANG_WARN_RANGE_LOOP_ANALYSIS = YES;
				CLANG_WARN_STRICT_PROTOTYPES = YES;
				CLANG_WARN_SUSPICIOUS_MOVE = YES;
				CLANG_WARN_UNGUARDED_AVAILABILITY = YES_AGGRESSIVE;
				CLANG_WARN_UNREACHABLE_CODE = YES;
				CLANG_WARN__DUPLICATE_METHOD_MATCH = YES;
				CODE_SIGN_IDENTITY = "iPhone Developer";
				COPY_PHASE_STRIP = NO;
				DEBUG_INFORMATION_FORMAT = dwarf;
				ENABLE_STRICT_OBJC_MSGSEND = YES;
				ENABLE_TESTABILITY = YES;
				GCC_C_LANGUAGE_STANDARD = gnu11;
				GCC_DYNAMIC_NO_PIC = NO;
				GCC_NO_COMMON_BLOCKS = YES;
				GCC_OPTIMIZATION_LEVEL = 0;
				GCC_PREPROCESSOR_DEFINITIONS = (
					"DEBUG=1",
					"$(inherited)",
				);
				GCC_WARN_64_TO_32_BIT_CONVERSION = YES;
				GCC_WARN_ABOUT_RETURN_TYPE = YES_ERROR;
				GCC_WARN_UNDECLARED_SELECTOR = YES;
				GCC_WARN_UNINITIALIZED_AUTOS = YES_AGGRESSIVE;
				GCC_WARN_UNUSED_FUNCTION = YES;
				GCC_WARN_UNUSED_VARIABLE = YES;
				IPHONEOS_DEPLOYMENT_TARGET = 11.3;
				MTL_ENABLE_DEBUG_INFO = YES;
				ONLY_ACTIVE_ARCH = YES;
				SDKROOT = iphoneos;
			};
			name = Debug;
		};
		65423F9D20AFE81800B7120F /* Release */ = {
			isa = XCBuildConfiguration;
			buildSettings = {
				ALWAYS_SEARCH_USER_PATHS = NO;
				CLANG_ANALYZER_NONNULL = YES;
				CLANG_ANALYZER_NUMBER_OBJECT_CONVERSION = YES_AGGRESSIVE;
				CLANG_CXX_LANGUAGE_STANDARD = "gnu++14";
				CLANG_CXX_LIBRARY = "libc++";
				CLANG_ENABLE_MODULES = YES;
				CLANG_ENABLE_OBJC_ARC = YES;
				CLANG_ENABLE_OBJC_WEAK = YES;
				CLANG_WARN_BLOCK_CAPTURE_AUTORELEASING = YES;
				CLANG_WARN_BOOL_CONVERSION = YES;
				CLANG_WARN_COMMA = YES;
				CLANG_WARN_CONSTANT_CONVERSION = YES;
				CLANG_WARN_DEPRECATED_OBJC_IMPLEMENTATIONS = YES;
				CLANG_WARN_DIRECT_OBJC_ISA_USAGE = YES_ERROR;
				CLANG_WARN_DOCUMENTATION_COMMENTS = YES;
				CLANG_WARN_EMPTY_BODY = YES;
				CLANG_WARN_ENUM_CONVERSION = YES;
				CLANG_WARN_INFINITE_RECURSION = YES;
				CLANG_WARN_INT_CONVERSION = YES;
				CLANG_WARN_NON_LITERAL_NULL_CONVERSION = YES;
				CLANG_WARN_OBJC_IMPLICIT_RETAIN_SELF = YES;
				CLANG_WARN_OBJC_LITERAL_CONVERSION = YES;
				CLANG_WARN_OBJC_ROOT_CLASS = YES_ERROR;
				CLANG_WARN_RANGE_LOOP_ANALYSIS = YES;
				CLANG_WARN_STRICT_PROTOTYPES = YES;
				CLANG_WARN_SUSPICIOUS_MOVE = YES;
				CLANG_WARN_UNGUARDED_AVAILABILITY = YES_AGGRESSIVE;
				CLANG_WARN_UNREACHABLE_CODE = YES;
				CLANG_WARN__DUPLICATE_METHOD_MATCH = YES;
				CODE_SIGN_IDENTITY = "iPhone Developer";
				COPY_PHASE_STRIP = NO;
				DEBUG_INFORMATION_FORMAT = "dwarf-with-dsym";
				ENABLE_NS_ASSERTIONS = NO;
				ENABLE_STRICT_OBJC_MSGSEND = YES;
				GCC_C_LANGUAGE_STANDARD = gnu11;
				GCC_NO_COMMON_BLOCKS = YES;
				GCC_WARN_64_TO_32_BIT_CONVERSION = YES;
				GCC_WARN_ABOUT_RETURN_TYPE = YES_ERROR;
				GCC_WARN_UNDECLARED_SELECTOR = YES;
				GCC_WARN_UNINITIALIZED_AUTOS = YES_AGGRESSIVE;
				GCC_WARN_UNUSED_FUNCTION = YES;
				GCC_WARN_UNUSED_VARIABLE = YES;
				IPHONEOS_DEPLOYMENT_TARGET = 11.3;
				MTL_ENABLE_DEBUG_INFO = NO;
				SDKROOT = iphoneos;
				VALIDATE_PRODUCT = YES;
			};
			name = Release;
		};
		65423F9F20AFE81800B7120F /* Debug */ = {
			isa = XCBuildConfiguration;
			buildSettings = {
				ASSETCATALOG_COMPILER_APPICON_NAME = AppIcon;
				CODE_SIGN_STYLE = Automatic;
				DEVELOPMENT_TEAM = SMS92A3R6U;
				INFOPLIST_FILE = QDDownloader/Info.plist;
				LD_RUNPATH_SEARCH_PATHS = (
					"$(inherited)",
					"@executable_path/Frameworks",
				);
				PRODUCT_BUNDLE_IDENTIFIER = com.qd.QDDownloader;
				PRODUCT_NAME = "$(TARGET_NAME)";
				TARGETED_DEVICE_FAMILY = "1,2";
			};
			name = Debug;
		};
		65423FA020AFE81800B7120F /* Release */ = {
			isa = XCBuildConfiguration;
			buildSettings = {
				ASSETCATALOG_COMPILER_APPICON_NAME = AppIcon;
				CODE_SIGN_STYLE = Automatic;
				DEVELOPMENT_TEAM = SMS92A3R6U;
				INFOPLIST_FILE = QDDownloader/Info.plist;
				LD_RUNPATH_SEARCH_PATHS = (
					"$(inherited)",
					"@executable_path/Frameworks",
				);
				PRODUCT_BUNDLE_IDENTIFIER = com.qd.QDDownloader;
				PRODUCT_NAME = "$(TARGET_NAME)";
				TARGETED_DEVICE_FAMILY = "1,2";
			};
			name = Release;
		};
/* End XCBuildConfiguration section */

/* Begin XCConfigurationList section */
		65423F8320AFE81600B7120F /* Build configuration list for PBXProject "QDDownloader" */ = {
			isa = XCConfigurationList;
			buildConfigurations = (
				65423F9C20AFE81800B7120F /* Debug */,
				65423F9D20AFE81800B7120F /* Release */,
			);
			defaultConfigurationIsVisible = 0;
			defaultConfigurationName = Release;
		};
		65423F9E20AFE81800B7120F /* Build configuration list for PBXNativeTarget "QDDownloader" */ = {
			isa = XCConfigurationList;
			buildConfigurations = (
				65423F9F20AFE81800B7120F /* Debug */,
				65423FA020AFE81800B7120F /* Release */,
			);
			defaultConfigurationIsVisible = 0;
			defaultConfigurationName = Release;
		};
/* End XCConfigurationList section */
	};
	rootObject = 65423F8020AFE81600B7120F /* Project object */;
}
